// !$*UTF8*$!
{
	archiveVersion = 1;
	classes = {
	};
	objectVersion = 50;
	objects = {

/* Begin PBXBuildFile section */
		D937C0A1236B32D400F96232 /* DataManagerTests.swift in Sources */ = {isa = PBXBuildFile; fileRef = D937C0A0236B32D400F96232 /* DataManagerTests.swift */; };
		D9909C802369FFE9006DF6ED /* TableViewController.swift in Sources */ = {isa = PBXBuildFile; fileRef = D9909C7F2369FFE9006DF6ED /* TableViewController.swift */; };
		D9909C82236A2312006DF6ED /* Storyboard_ID.swift in Sources */ = {isa = PBXBuildFile; fileRef = D9909C81236A2312006DF6ED /* Storyboard_ID.swift */; };
		D9909C84236A2849006DF6ED /* AlbumDetailsViewController.swift in Sources */ = {isa = PBXBuildFile; fileRef = D9909C83236A2849006DF6ED /* AlbumDetailsViewController.swift */; };
		D9909C86236A8052006DF6ED /* AlbumDetailsViewModel.swift in Sources */ = {isa = PBXBuildFile; fileRef = D9909C85236A8052006DF6ED /* AlbumDetailsViewModel.swift */; };
		D9909C89236B2C26006DF6ED /* APIService.swift in Sources */ = {isa = PBXBuildFile; fileRef = D9909C88236B2C26006DF6ED /* APIService.swift */; };
		D9909C8B236B2F1B006DF6ED /* DatabaseService.swift in Sources */ = {isa = PBXBuildFile; fileRef = D9909C8A236B2F1B006DF6ED /* DatabaseService.swift */; };
		D9E2A733235F6A9A00CBB531 /* AppDelegate.swift in Sources */ = {isa = PBXBuildFile; fileRef = D9E2A732235F6A9A00CBB531 /* AppDelegate.swift */; };
		D9E2A735235F6A9A00CBB531 /* SceneDelegate.swift in Sources */ = {isa = PBXBuildFile; fileRef = D9E2A734235F6A9A00CBB531 /* SceneDelegate.swift */; };
		D9E2A737235F6A9A00CBB531 /* ViewController.swift in Sources */ = {isa = PBXBuildFile; fileRef = D9E2A736235F6A9A00CBB531 /* ViewController.swift */; };
		D9E2A73A235F6A9A00CBB531 /* Main.storyboard in Resources */ = {isa = PBXBuildFile; fileRef = D9E2A738235F6A9A00CBB531 /* Main.storyboard */; };
		D9E2A73D235F6A9A00CBB531 /* TestBed.xcdatamodeld in Sources */ = {isa = PBXBuildFile; fileRef = D9E2A73B235F6A9A00CBB531 /* TestBed.xcdatamodeld */; };
		D9E2A73F235F6A9C00CBB531 /* Assets.xcassets in Resources */ = {isa = PBXBuildFile; fileRef = D9E2A73E235F6A9C00CBB531 /* Assets.xcassets */; };
		D9E2A742235F6A9C00CBB531 /* LaunchScreen.storyboard in Resources */ = {isa = PBXBuildFile; fileRef = D9E2A740235F6A9C00CBB531 /* LaunchScreen.storyboard */; };
		D9E2A75C235F6B4000CBB531 /* API_links.swift in Sources */ = {isa = PBXBuildFile; fileRef = D9E2A75B235F6B4000CBB531 /* API_links.swift */; };
		D9E2A75E235F6BDB00CBB531 /* AlbumModel.swift in Sources */ = {isa = PBXBuildFile; fileRef = D9E2A75D235F6BDB00CBB531 /* AlbumModel.swift */; };
		D9E2A760235F6C7E00CBB531 /* AlbumModelTests.swift in Sources */ = {isa = PBXBuildFile; fileRef = D9E2A75F235F6C7E00CBB531 /* AlbumModelTests.swift */; };
		D9E2A762235F866A00CBB531 /* TableViewModel.swift in Sources */ = {isa = PBXBuildFile; fileRef = D9E2A761235F866A00CBB531 /* TableViewModel.swift */; };
		D9E2A764235F88D900CBB531 /* TableViewModelTests.swift in Sources */ = {isa = PBXBuildFile; fileRef = D9E2A763235F88D900CBB531 /* TableViewModelTests.swift */; };
/* End PBXBuildFile section */

/* Begin PBXContainerItemProxy section */
		D9E2A749235F6A9C00CBB531 /* PBXContainerItemProxy */ = {
			isa = PBXContainerItemProxy;
			containerPortal = D9E2A727235F6A9A00CBB531 /* Project object */;
			proxyType = 1;
			remoteGlobalIDString = D9E2A72E235F6A9A00CBB531;
			remoteInfo = TestBed;
		};
/* End PBXContainerItemProxy section */

/* Begin PBXFileReference section */
		D937C0A0236B32D400F96232 /* DataManagerTests.swift */ = {isa = PBXFileReference; lastKnownFileType = sourcecode.swift; path = DataManagerTests.swift; sourceTree = "<group>"; };
		D9909C7F2369FFE9006DF6ED /* TableViewController.swift */ = {isa = PBXFileReference; lastKnownFileType = sourcecode.swift; path = TableViewController.swift; sourceTree = "<group>"; };
		D9909C81236A2312006DF6ED /* Storyboard_ID.swift */ = {isa = PBXFileReference; lastKnownFileType = sourcecode.swift; path = Storyboard_ID.swift; sourceTree = "<group>"; };
		D9909C83236A2849006DF6ED /* AlbumDetailsViewController.swift */ = {isa = PBXFileReference; lastKnownFileType = sourcecode.swift; path = AlbumDetailsViewController.swift; sourceTree = "<group>"; };
		D9909C85236A8052006DF6ED /* AlbumDetailsViewModel.swift */ = {isa = PBXFileReference; lastKnownFileType = sourcecode.swift; path = AlbumDetailsViewModel.swift; sourceTree = "<group>"; };
		D9909C88236B2C26006DF6ED /* APIService.swift */ = {isa = PBXFileReference; lastKnownFileType = sourcecode.swift; path = APIService.swift; sourceTree = "<group>"; };
		D9909C8A236B2F1B006DF6ED /* DatabaseService.swift */ = {isa = PBXFileReference; lastKnownFileType = sourcecode.swift; path = DatabaseService.swift; sourceTree = "<group>"; };
		D9E2A72F235F6A9A00CBB531 /* TestBed.app */ = {isa = PBXFileReference; explicitFileType = wrapper.application; includeInIndex = 0; path = TestBed.app; sourceTree = BUILT_PRODUCTS_DIR; };
		D9E2A732235F6A9A00CBB531 /* AppDelegate.swift */ = {isa = PBXFileReference; lastKnownFileType = sourcecode.swift; path = AppDelegate.swift; sourceTree = "<group>"; };
		D9E2A734235F6A9A00CBB531 /* SceneDelegate.swift */ = {isa = PBXFileReference; lastKnownFileType = sourcecode.swift; path = SceneDelegate.swift; sourceTree = "<group>"; };
		D9E2A736235F6A9A00CBB531 /* ViewController.swift */ = {isa = PBXFileReference; lastKnownFileType = sourcecode.swift; path = ViewController.swift; sourceTree = "<group>"; };
		D9E2A739235F6A9A00CBB531 /* Base */ = {isa = PBXFileReference; lastKnownFileType = file.storyboard; name = Base; path = Base.lproj/Main.storyboard; sourceTree = "<group>"; };
		D9E2A73C235F6A9A00CBB531 /* TestBed.xcdatamodel */ = {isa = PBXFileReference; lastKnownFileType = wrapper.xcdatamodel; path = TestBed.xcdatamodel; sourceTree = "<group>"; };
		D9E2A73E235F6A9C00CBB531 /* Assets.xcassets */ = {isa = PBXFileReference; lastKnownFileType = folder.assetcatalog; path = Assets.xcassets; sourceTree = "<group>"; };
		D9E2A741235F6A9C00CBB531 /* Base */ = {isa = PBXFileReference; lastKnownFileType = file.storyboard; name = Base; path = Base.lproj/LaunchScreen.storyboard; sourceTree = "<group>"; };
		D9E2A743235F6A9C00CBB531 /* Info.plist */ = {isa = PBXFileReference; lastKnownFileType = text.plist.xml; path = Info.plist; sourceTree = "<group>"; };
		D9E2A748235F6A9C00CBB531 /* TestBedTests.xctest */ = {isa = PBXFileReference; explicitFileType = wrapper.cfbundle; includeInIndex = 0; path = TestBedTests.xctest; sourceTree = BUILT_PRODUCTS_DIR; };
		D9E2A74E235F6A9C00CBB531 /* Info.plist */ = {isa = PBXFileReference; lastKnownFileType = text.plist.xml; path = Info.plist; sourceTree = "<group>"; };
		D9E2A75B235F6B4000CBB531 /* API_links.swift */ = {isa = PBXFileReference; lastKnownFileType = sourcecode.swift; path = API_links.swift; sourceTree = "<group>"; };
		D9E2A75D235F6BDB00CBB531 /* AlbumModel.swift */ = {isa = PBXFileReference; lastKnownFileType = sourcecode.swift; path = AlbumModel.swift; sourceTree = "<group>"; };
		D9E2A75F235F6C7E00CBB531 /* AlbumModelTests.swift */ = {isa = PBXFileReference; lastKnownFileType = sourcecode.swift; path = AlbumModelTests.swift; sourceTree = "<group>"; };
		D9E2A761235F866A00CBB531 /* TableViewModel.swift */ = {isa = PBXFileReference; lastKnownFileType = sourcecode.swift; path = TableViewModel.swift; sourceTree = "<group>"; };
		D9E2A763235F88D900CBB531 /* TableViewModelTests.swift */ = {isa = PBXFileReference; lastKnownFileType = sourcecode.swift; path = TableViewModelTests.swift; sourceTree = "<group>"; };
/* End PBXFileReference section */

/* Begin PBXFrameworksBuildPhase section */
		D9E2A72C235F6A9A00CBB531 /* Frameworks */ = {
			isa = PBXFrameworksBuildPhase;
			buildActionMask = 2147483647;
			files = (
			);
			runOnlyForDeploymentPostprocessing = 0;
		};
		D9E2A745235F6A9C00CBB531 /* Frameworks */ = {
			isa = PBXFrameworksBuildPhase;
			buildActionMask = 2147483647;
			files = (
			);
			runOnlyForDeploymentPostprocessing = 0;
		};
/* End PBXFrameworksBuildPhase section */

/* Begin PBXGroup section */
		D9909C87236B2BFE006DF6ED /* Services */ = {
			isa = PBXGroup;
			children = (
				D9909C88236B2C26006DF6ED /* APIService.swift */,
				D9909C8A236B2F1B006DF6ED /* DatabaseService.swift */,
			);
			path = Services;
			sourceTree = "<group>";
		};
		D9E2A726235F6A9A00CBB531 = {
			isa = PBXGroup;
			children = (
				D9E2A731235F6A9A00CBB531 /* TestBed */,
				D9E2A74B235F6A9C00CBB531 /* TestBedTests */,
				D9E2A730235F6A9A00CBB531 /* Products */,
			);
			sourceTree = "<group>";
		};
		D9E2A730235F6A9A00CBB531 /* Products */ = {
			isa = PBXGroup;
			children = (
				D9E2A72F235F6A9A00CBB531 /* TestBed.app */,
				D9E2A748235F6A9C00CBB531 /* TestBedTests.xctest */,
			);
			name = Products;
			sourceTree = "<group>";
		};
		D9E2A731235F6A9A00CBB531 /* TestBed */ = {
			isa = PBXGroup;
			children = (
				D9E2A75A235F6B2700CBB531 /* Constants */,
				D9909C87236B2BFE006DF6ED /* Services */,
				D9E2A759235F6B1400CBB531 /* Model */,
				D9E2A757235F6AA500CBB531 /* View */,
				D9E2A758235F6B0500CBB531 /* ViewModel */,
				D9E2A732235F6A9A00CBB531 /* AppDelegate.swift */,
				D9E2A738235F6A9A00CBB531 /* Main.storyboard */,
				D9E2A740235F6A9C00CBB531 /* LaunchScreen.storyboard */,
				D9E2A73B235F6A9A00CBB531 /* TestBed.xcdatamodeld */,
				D9E2A73E235F6A9C00CBB531 /* Assets.xcassets */,
				D9E2A743235F6A9C00CBB531 /* Info.plist */,
				D9E2A734235F6A9A00CBB531 /* SceneDelegate.swift */,
			);
			path = TestBed;
			sourceTree = "<group>";
		};
		D9E2A74B235F6A9C00CBB531 /* TestBedTests */ = {
			isa = PBXGroup;
			children = (
				D9E2A74E235F6A9C00CBB531 /* Info.plist */,
				D9E2A75F235F6C7E00CBB531 /* AlbumModelTests.swift */,
				D9E2A763235F88D900CBB531 /* TableViewModelTests.swift */,
				D937C0A0236B32D400F96232 /* DataManagerTests.swift */,
			);
			path = TestBedTests;
			sourceTree = "<group>";
		};
		D9E2A757235F6AA500CBB531 /* View */ = {
			isa = PBXGroup;
			children = (
				D9E2A736235F6A9A00CBB531 /* ViewController.swift */,
				D9909C7F2369FFE9006DF6ED /* TableViewController.swift */,
				D9909C83236A2849006DF6ED /* AlbumDetailsViewController.swift */,
			);
			path = View;
			sourceTree = "<group>";
		};
		D9E2A758235F6B0500CBB531 /* ViewModel */ = {
			isa = PBXGroup;
			children = (
				D9E2A761235F866A00CBB531 /* TableViewModel.swift */,
				D9909C85236A8052006DF6ED /* AlbumDetailsViewModel.swift */,
			);
			path = ViewModel;
			sourceTree = "<group>";
		};
		D9E2A759235F6B1400CBB531 /* Model */ = {
			isa = PBXGroup;
			children = (
				D9E2A75D235F6BDB00CBB531 /* AlbumModel.swift */,
			);
			path = Model;
			sourceTree = "<group>";
		};
		D9E2A75A235F6B2700CBB531 /* Constants */ = {
			isa = PBXGroup;
			children = (
				D9E2A75B235F6B4000CBB531 /* API_links.swift */,
				D9909C81236A2312006DF6ED /* Storyboard_ID.swift */,
			);
			path = Constants;
			sourceTree = "<group>";
		};
/* End PBXGroup section */

/* Begin PBXNativeTarget section */
		D9E2A72E235F6A9A00CBB531 /* TestBed */ = {
			isa = PBXNativeTarget;
			buildConfigurationList = D9E2A751235F6A9C00CBB531 /* Build configuration list for PBXNativeTarget "TestBed" */;
			buildPhases = (
				D9E2A72B235F6A9A00CBB531 /* Sources */,
				D9E2A72C235F6A9A00CBB531 /* Frameworks */,
				D9E2A72D235F6A9A00CBB531 /* Resources */,
			);
			buildRules = (
			);
			dependencies = (
			);
			name = TestBed;
			productName = TestBed;
			productReference = D9E2A72F235F6A9A00CBB531 /* TestBed.app */;
			productType = "com.apple.product-type.application";
		};
		D9E2A747235F6A9C00CBB531 /* TestBedTests */ = {
			isa = PBXNativeTarget;
			buildConfigurationList = D9E2A754235F6A9C00CBB531 /* Build configuration list for PBXNativeTarget "TestBedTests" */;
			buildPhases = (
				D9E2A744235F6A9C00CBB531 /* Sources */,
				D9E2A745235F6A9C00CBB531 /* Frameworks */,
				D9E2A746235F6A9C00CBB531 /* Resources */,
			);
			buildRules = (
			);
			dependencies = (
				D9E2A74A235F6A9C00CBB531 /* PBXTargetDependency */,
			);
			name = TestBedTests;
			productName = TestBedTests;
			productReference = D9E2A748235F6A9C00CBB531 /* TestBedTests.xctest */;
			productType = "com.apple.product-type.bundle.unit-test";
		};
/* End PBXNativeTarget section */

/* Begin PBXProject section */
		D9E2A727235F6A9A00CBB531 /* Project object */ = {
			isa = PBXProject;
			attributes = {
				LastSwiftUpdateCheck = 1110;
				LastUpgradeCheck = 1110;
				ORGANIZATIONNAME = TinHuynh;
				TargetAttributes = {
					D9E2A72E235F6A9A00CBB531 = {
						CreatedOnToolsVersion = 11.1;
					};
					D9E2A747235F6A9C00CBB531 = {
						CreatedOnToolsVersion = 11.1;
						TestTargetID = D9E2A72E235F6A9A00CBB531;
					};
				};
			};
			buildConfigurationList = D9E2A72A235F6A9A00CBB531 /* Build configuration list for PBXProject "TestBed" */;
			compatibilityVersion = "Xcode 9.3";
			developmentRegion = en;
			hasScannedForEncodings = 0;
			knownRegions = (
				en,
				Base,
			);
			mainGroup = D9E2A726235F6A9A00CBB531;
			productRefGroup = D9E2A730235F6A9A00CBB531 /* Products */;
			projectDirPath = "";
			projectRoot = "";
			targets = (
				D9E2A72E235F6A9A00CBB531 /* TestBed */,
				D9E2A747235F6A9C00CBB531 /* TestBedTests */,
			);
		};
/* End PBXProject section */

/* Begin PBXResourcesBuildPhase section */
		D9E2A72D235F6A9A00CBB531 /* Resources */ = {
			isa = PBXResourcesBuildPhase;
			buildActionMask = 2147483647;
			files = (
				D9E2A742235F6A9C00CBB531 /* LaunchScreen.storyboard in Resources */,
				D9E2A73F235F6A9C00CBB531 /* Assets.xcassets in Resources */,
				D9E2A73A235F6A9A00CBB531 /* Main.storyboard in Resources */,
			);
			runOnlyForDeploymentPostprocessing = 0;
		};
		D9E2A746235F6A9C00CBB531 /* Resources */ = {
			isa = PBXResourcesBuildPhase;
			buildActionMask = 2147483647;
			files = (
			);
			runOnlyForDeploymentPostprocessing = 0;
		};
/* End PBXResourcesBuildPhase section */

/* Begin PBXSourcesBuildPhase section */
		D9E2A72B235F6A9A00CBB531 /* Sources */ = {
			isa = PBXSourcesBuildPhase;
			buildActionMask = 2147483647;
			files = (
				D9909C8B236B2F1B006DF6ED /* DatabaseService.swift in Sources */,
				D9E2A737235F6A9A00CBB531 /* ViewController.swift in Sources */,
				D9909C86236A8052006DF6ED /* AlbumDetailsViewModel.swift in Sources */,
				D9E2A762235F866A00CBB531 /* TableViewModel.swift in Sources */,
				D9909C84236A2849006DF6ED /* AlbumDetailsViewController.swift in Sources */,
				D9E2A75E235F6BDB00CBB531 /* AlbumModel.swift in Sources */,
				D9909C802369FFE9006DF6ED /* TableViewController.swift in Sources */,
				D9E2A733235F6A9A00CBB531 /* AppDelegate.swift in Sources */,
				D9E2A735235F6A9A00CBB531 /* SceneDelegate.swift in Sources */,
				D9E2A75C235F6B4000CBB531 /* API_links.swift in Sources */,
				D9909C82236A2312006DF6ED /* Storyboard_ID.swift in Sources */,
				D9909C89236B2C26006DF6ED /* APIService.swift in Sources */,
				D9E2A73D235F6A9A00CBB531 /* TestBed.xcdatamodeld in Sources */,
			);
			runOnlyForDeploymentPostprocessing = 0;
		};
		D9E2A744235F6A9C00CBB531 /* Sources */ = {
			isa = PBXSourcesBuildPhase;
			buildActionMask = 2147483647;
			files = (
				D9E2A764235F88D900CBB531 /* TableViewModelTests.swift in Sources */,
				D937C0A1236B32D400F96232 /* DataManagerTests.swift in Sources */,
				D9E2A760235F6C7E00CBB531 /* AlbumModelTests.swift in Sources */,
			);
			runOnlyForDeploymentPostprocessing = 0;
		};
/* End PBXSourcesBuildPhase section */

/* Begin PBXTargetDependency section */
		D9E2A74A235F6A9C00CBB531 /* PBXTargetDependency */ = {
			isa = PBXTargetDependency;
			target = D9E2A72E235F6A9A00CBB531 /* TestBed */;
			targetProxy = D9E2A749235F6A9C00CBB531 /* PBXContainerItemProxy */;
		};
/* End PBXTargetDependency section */

/* Begin PBXVariantGroup section */
		D9E2A738235F6A9A00CBB531 /* Main.storyboard */ = {
			isa = PBXVariantGroup;
			children = (
				D9E2A739235F6A9A00CBB531 /* Base */,
			);
			name = Main.storyboard;
			sourceTree = "<group>";
		};
		D9E2A740235F6A9C00CBB531 /* LaunchScreen.storyboard */ = {
			isa = PBXVariantGroup;
			children = (
				D9E2A741235F6A9C00CBB531 /* Base */,
			);
			name = LaunchScreen.storyboard;
			sourceTree = "<group>";
		};
/* End PBXVariantGroup section */

/* Begin XCBuildConfiguration section */
		D9E2A74F235F6A9C00CBB531 /* Debug */ = {
			isa = XCBuildConfiguration;
			buildSettings = {
				ALWAYS_SEARCH_USER_PATHS = NO;
				CLANG_ANALYZER_NONNULL = YES;
				CLANG_ANALYZER_NUMBER_OBJECT_CONVERSION = YES_AGGRESSIVE;
				CLANG_CXX_LANGUAGE_STANDARD = "gnu++14";
				CLANG_CXX_LIBRARY = "libc++";
				CLANG_ENABLE_MODULES = YES;
				CLANG_ENABLE_OBJC_ARC = YES;
				CLANG_ENABLE_OBJC_WEAK = YES;
				CLANG_WARN_BLOCK_CAPTURE_AUTORELEASING = YES;
				CLANG_WARN_BOOL_CONVERSION = YES;
				CLANG_WARN_COMMA = YES;
				CLANG_WARN_CONSTANT_CONVERSION = YES;
				CLANG_WARN_DEPRECATED_OBJC_IMPLEMENTATIONS = YES;
				CLANG_WARN_DIRECT_OBJC_ISA_USAGE = YES_ERROR;
				CLANG_WARN_DOCUMENTATION_COMMENTS = YES;
				CLANG_WARN_EMPTY_BODY = YES;
				CLANG_WARN_ENUM_CONVERSION = YES;
				CLANG_WARN_INFINITE_RECURSION = YES;
				CLANG_WARN_INT_CONVERSION = YES;
				CLANG_WARN_NON_LITERAL_NULL_CONVERSION = YES;
				CLANG_WARN_OBJC_IMPLICIT_RETAIN_SELF = YES;
				CLANG_WARN_OBJC_LITERAL_CONVERSION = YES;
				CLANG_WARN_OBJC_ROOT_CLASS = YES_ERROR;
				CLANG_WARN_RANGE_LOOP_ANALYSIS = YES;
				CLANG_WARN_STRICT_PROTOTYPES = YES;
				CLANG_WARN_SUSPICIOUS_MOVE = YES;
				CLANG_WARN_UNGUARDED_AVAILABILITY = YES_AGGRESSIVE;
				CLANG_WARN_UNREACHABLE_CODE = YES;
				CLANG_WARN__DUPLICATE_METHOD_MATCH = YES;
				COPY_PHASE_STRIP = NO;
				DEBUG_INFORMATION_FORMAT = dwarf;
				ENABLE_STRICT_OBJC_MSGSEND = YES;
				ENABLE_TESTABILITY = YES;
				GCC_C_LANGUAGE_STANDARD = gnu11;
				GCC_DYNAMIC_NO_PIC = NO;
				GCC_NO_COMMON_BLOCKS = YES;
				GCC_OPTIMIZATION_LEVEL = 0;
				GCC_PREPROCESSOR_DEFINITIONS = (
					"DEBUG=1",
					"$(inherited)",
				);
				GCC_WARN_64_TO_32_BIT_CONVERSION = YES;
				GCC_WARN_ABOUT_RETURN_TYPE = YES_ERROR;
				GCC_WARN_UNDECLARED_SELECTOR = YES;
				GCC_WARN_UNINITIALIZED_AUTOS = YES_AGGRESSIVE;
				GCC_WARN_UNUSED_FUNCTION = YES;
				GCC_WARN_UNUSED_VARIABLE = YES;
				IPHONEOS_DEPLOYMENT_TARGET = 13.1;
				MTL_ENABLE_DEBUG_INFO = INCLUDE_SOURCE;
				MTL_FAST_MATH = YES;
				ONLY_ACTIVE_ARCH = YES;
				SDKROOT = iphoneos;
				SWIFT_ACTIVE_COMPILATION_CONDITIONS = DEBUG;
				SWIFT_OPTIMIZATION_LEVEL = "-Onone";
			};
			name = Debug;
		};
		D9E2A750235F6A9C00CBB531 /* Release */ = {
			isa = XCBuildConfiguration;
			buildSettings = {
				ALWAYS_SEARCH_USER_PATHS = NO;
				CLANG_ANALYZER_NONNULL = YES;
				CLANG_ANALYZER_NUMBER_OBJECT_CONVERSION = YES_AGGRESSIVE;
				CLANG_CXX_LANGUAGE_STANDARD = "gnu++14";
				CLANG_CXX_LIBRARY = "libc++";
				CLANG_ENABLE_MODULES = YES;
				CLANG_ENABLE_OBJC_ARC = YES;
				CLANG_ENABLE_OBJC_WEAK = YES;
				CLANG_WARN_BLOCK_CAPTURE_AUTORELEASING = YES;
				CLANG_WARN_BOOL_CONVERSION = YES;
				CLANG_WARN_COMMA = YES;
				CLANG_WARN_CONSTANT_CONVERSION = YES;
				CLANG_WARN_DEPRECATED_OBJC_IMPLEMENTATIONS = YES;
				CLANG_WARN_DIRECT_OBJC_ISA_USAGE = YES_ERROR;
				CLANG_WARN_DOCUMENTATION_COMMENTS = YES;
				CLANG_WARN_EMPTY_BODY = YES;
				CLANG_WARN_ENUM_CONVERSION = YES;
				CLANG_WARN_INFINITE_RECURSION = YES;
				CLANG_WARN_INT_CONVERSION = YES;
				CLANG_WARN_NON_LITERAL_NULL_CONVERSION = YES;
				CLANG_WARN_OBJC_IMPLICIT_RETAIN_SELF = YES;
				CLANG_WARN_OBJC_LITERAL_CONVERSION = YES;
				CLANG_WARN_OBJC_ROOT_CLASS = YES_ERROR;
				CLANG_WARN_RANGE_LOOP_ANALYSIS = YES;
				CLANG_WARN_STRICT_PROTOTYPES = YES;
				CLANG_WARN_SUSPICIOUS_MOVE = YES;
				CLANG_WARN_UNGUARDED_AVAILABILITY = YES_AGGRESSIVE;
				CLANG_WARN_UNREACHABLE_CODE = YES;
				CLANG_WARN__DUPLICATE_METHOD_MATCH = YES;
				COPY_PHASE_STRIP = NO;
				DEBUG_INFORMATION_FORMAT = "dwarf-with-dsym";
				ENABLE_NS_ASSERTIONS = NO;
				ENABLE_STRICT_OBJC_MSGSEND = YES;
				GCC_C_LANGUAGE_STANDARD = gnu11;
				GCC_NO_COMMON_BLOCKS = YES;
				GCC_WARN_64_TO_32_BIT_CONVERSION = YES;
				GCC_WARN_ABOUT_RETURN_TYPE = YES_ERROR;
				GCC_WARN_UNDECLARED_SELECTOR = YES;
				GCC_WARN_UNINITIALIZED_AUTOS = YES_AGGRESSIVE;
				GCC_WARN_UNUSED_FUNCTION = YES;
				GCC_WARN_UNUSED_VARIABLE = YES;
				IPHONEOS_DEPLOYMENT_TARGET = 13.1;
				MTL_ENABLE_DEBUG_INFO = NO;
				MTL_FAST_MATH = YES;
				SDKROOT = iphoneos;
				SWIFT_COMPILATION_MODE = wholemodule;
				SWIFT_OPTIMIZATION_LEVEL = "-O";
				VALIDATE_PRODUCT = YES;
			};
			name = Release;
		};
		D9E2A752235F6A9C00CBB531 /* Debug */ = {
			isa = XCBuildConfiguration;
			buildSettings = {
				ASSETCATALOG_COMPILER_APPICON_NAME = AppIcon;
				CODE_SIGN_STYLE = Automatic;
				INFOPLIST_FILE = TestBed/Info.plist;
				IPHONEOS_DEPLOYMENT_TARGET = 12.2;
				LD_RUNPATH_SEARCH_PATHS = (
					"$(inherited)",
					"@executable_path/Frameworks",
				);
				PRODUCT_BUNDLE_IDENTIFIER = Tin.TestBed;
				PRODUCT_NAME = "$(TARGET_NAME)";
				SWIFT_VERSION = 5.0;
				TARGETED_DEVICE_FAMILY = "1,2";
			};
			name = Debug;
		};
		D9E2A753235F6A9C00CBB531 /* Release */ = {
			isa = XCBuildConfiguration;
			buildSettings = {
				ASSETCATALOG_COMPILER_APPICON_NAME = AppIcon;
				CODE_SIGN_STYLE = Automatic;
				INFOPLIST_FILE = TestBed/Info.plist;
				IPHONEOS_DEPLOYMENT_TARGET = 12.2;
				LD_RUNPATH_SEARCH_PATHS = (
					"$(inherited)",
					"@executable_path/Frameworks",
				);
				PRODUCT_BUNDLE_IDENTIFIER = Tin.TestBed;
				PRODUCT_NAME = "$(TARGET_NAME)";
				SWIFT_VERSION = 5.0;
				TARGETED_DEVICE_FAMILY = "1,2";
			};
			name = Release;
		};
		D9E2A755235F6A9C00CBB531 /* Debug */ = {
			isa = XCBuildConfiguration;
			buildSettings = {
				ALWAYS_EMBED_SWIFT_STANDARD_LIBRARIES = YES;
				BUNDLE_LOADER = "$(TEST_HOST)";
				CODE_SIGN_STYLE = Automatic;
				INFOPLIST_FILE = TestBedTests/Info.plist;
				IPHONEOS_DEPLOYMENT_TARGET = 13.1;
				LD_RUNPATH_SEARCH_PATHS = (
					"$(inherited)",
					"@executable_path/Frameworks",
					"@loader_path/Frameworks",
				);
				PRODUCT_BUNDLE_IDENTIFIER = Tin.TestBedTests;
				PRODUCT_NAME = "$(TARGET_NAME)";
				SWIFT_VERSION = 5.0;
				TARGETED_DEVICE_FAMILY = "1,2";
				TEST_HOST = "$(BUILT_PRODUCTS_DIR)/TestBed.app/TestBed";
			};
			name = Debug;
		};
		D9E2A756235F6A9C00CBB531 /* Release */ = {
			isa = XCBuildConfiguration;
			buildSettings = {
				ALWAYS_EMBED_SWIFT_STANDARD_LIBRARIES = YES;
				BUNDLE_LOADER = "$(TEST_HOST)";
				CODE_SIGN_STYLE = Automatic;
				INFOPLIST_FILE = TestBedTests/Info.plist;
				IPHONEOS_DEPLOYMENT_TARGET = 13.1;
				LD_RUNPATH_SEARCH_PATHS = (
					"$(inherited)",
					"@executable_path/Frameworks",
					"@loader_path/Frameworks",
				);
				PRODUCT_BUNDLE_IDENTIFIER = Tin.TestBedTests;
				PRODUCT_NAME = "$(TARGET_NAME)";
				SWIFT_VERSION = 5.0;
				TARGETED_DEVICE_FAMILY = "1,2";
				TEST_HOST = "$(BUILT_PRODUCTS_DIR)/TestBed.app/TestBed";
			};
			name = Release;
		};
/* End XCBuildConfiguration section */

/* Begin XCConfigurationList section */
		D9E2A72A235F6A9A00CBB531 /* Build configuration list for PBXProject "TestBed" */ = {
			isa = XCConfigurationList;
			buildConfigurations = (
				D9E2A74F235F6A9C00CBB531 /* Debug */,
				D9E2A750235F6A9C00CBB531 /* Release */,
			);
			defaultConfigurationIsVisible = 0;
			defaultConfigurationName = Release;
		};
		D9E2A751235F6A9C00CBB531 /* Build configuration list for PBXNativeTarget "TestBed" */ = {
			isa = XCConfigurationList;
			buildConfigurations = (
				D9E2A752235F6A9C00CBB531 /* Debug */,
				D9E2A753235F6A9C00CBB531 /* Release */,
			);
			defaultConfigurationIsVisible = 0;
			defaultConfigurationName = Release;
		};
		D9E2A754235F6A9C00CBB531 /* Build configuration list for PBXNativeTarget "TestBedTests" */ = {
			isa = XCConfigurationList;
			buildConfigurations = (
				D9E2A755235F6A9C00CBB531 /* Debug */,
				D9E2A756235F6A9C00CBB531 /* Release */,
			);
			defaultConfigurationIsVisible = 0;
			defaultConfigurationName = Release;
		};
/* End XCConfigurationList section */

/* Begin XCVersionGroup section */
		D9E2A73B235F6A9A00CBB531 /* TestBed.xcdatamodeld */ = {
			isa = XCVersionGroup;
			children = (
				D9E2A73C235F6A9A00CBB531 /* TestBed.xcdatamodel */,
			);
			currentVersion = D9E2A73C235F6A9A00CBB531 /* TestBed.xcdatamodel */;
			path = TestBed.xcdatamodeld;
			sourceTree = "<group>";
			versionGroupType = wrapper.xcdatamodel;
		};
/* End XCVersionGroup section */
	};
	rootObject = D9E2A727235F6A9A00CBB531 /* Project object */;
}
